
Microsoft Visual Studio Solution File, Format Version 12.00
# Visual Studio Version 17
VisualStudioVersion = 17.1.31903.286
MinimumVisualStudioVersion = 10.0.40219.1
Project("{9A19103F-16F7-4668-BE54-9A1E7A4F7556}") = "PaxosCLI", "PaxosCLI\PaxosCLI.csproj", "{9A1CAC89-3910-41D7-BC33-FBB81D33379D}"
EndProject
Project("{FAE04EC0-301F-11D3-BF4B-00C04F79EFBC}") = "PaxosCLITest", "PaxosCLITest\PaxosCLITest.csproj", "{29E0D0BC-CDBB-4A0D-A945-684E73CAE059}"
EndProject
Global
	GlobalSection(SolutionConfigurationPlatforms) = preSolution
		Debug|Any CPU = Debug|Any CPU
		Release|Any CPU = Release|Any CPU
	EndGlobalSection
	GlobalSection(ProjectConfigurationPlatforms) = postSolution
		{9A1CAC89-3910-41D7-BC33-FBB81D33379D}.Debug|Any CPU.ActiveCfg = Debug|Any CPU
		{9A1CAC89-3910-41D7-BC33-FBB81D33379D}.Debug|Any CPU.Build.0 = Debug|Any CPU
		{9A1CAC89-3910-41D7-BC33-FBB81D33379D}.Release|Any CPU.ActiveCfg = Release|Any CPU
		{9A1CAC89-3910-41D7-BC33-FBB81D33379D}.Release|Any CPU.Build.0 = Release|Any CPU
		{29E0D0BC-CDBB-4A0D-A945-684E73CAE059}.Debug|Any CPU.ActiveCfg = Debug|Any CPU
		{29E0D0BC-CDBB-4A0D-A945-684E73CAE059}.Debug|Any CPU.Build.0 = Debug|Any CPU
		{29E0D0BC-CDBB-4A0D-A945-684E73CAE059}.Release|Any CPU.ActiveCfg = Release|Any CPU
		{29E0D0BC-CDBB-4A0D-A945-684E73CAE059}.Release|Any CPU.Build.0 = Release|Any CPU
	EndGlobalSection
	GlobalSection(SolutionProperties) = preSolution
		HideSolutionNode = FALSE
	EndGlobalSection
	GlobalSection(ExtensibilityGlobals) = postSolution
		SolutionGuid = {F23F30B0-A084-47CD-92F5-C7A1BFD076F1}
	EndGlobalSection
EndGlobal
